// !$*UTF8*$!
{
	archiveVersion = 1;
	classes = {
	};
	objectVersion = 46;
	objects = {

/* Begin PBXBuildFile section */
		E4B92DCB1B628341004F8285 /* main.m in Sources */ = {isa = PBXBuildFile; fileRef = E4B92DCA1B628341004F8285 /* main.m */; };
		E4B92DCE1B628341004F8285 /* AppDelegate.m in Sources */ = {isa = PBXBuildFile; fileRef = E4B92DCD1B628341004F8285 /* AppDelegate.m */; };
		E4B92DD11B628341004F8285 /* UberVehiclesViewController.m in Sources */ = {isa = PBXBuildFile; fileRef = E4B92DD01B628341004F8285 /* UberVehiclesViewController.m */; };
		E4B92DD41B628341004F8285 /* Main.storyboard in Resources */ = {isa = PBXBuildFile; fileRef = E4B92DD21B628341004F8285 /* Main.storyboard */; };
		E4B92DD61B628341004F8285 /* Images.xcassets in Resources */ = {isa = PBXBuildFile; fileRef = E4B92DD51B628341004F8285 /* Images.xcassets */; };
		E4B92DD91B628341004F8285 /* LaunchScreen.xib in Resources */ = {isa = PBXBuildFile; fileRef = E4B92DD71B628341004F8285 /* LaunchScreen.xib */; };
		E4B92DE51B628341004F8285 /* UberCatalogTests.m in Sources */ = {isa = PBXBuildFile; fileRef = E4B92DE41B628341004F8285 /* UberCatalogTests.m */; };
		E4B92DF01B62884A004F8285 /* UberVehicleTableViewCell.m in Sources */ = {isa = PBXBuildFile; fileRef = E4B92DEF1B62884A004F8285 /* UberVehicleTableViewCell.m */; };
		E4B92DF61B62911A004F8285 /* UberService.m in Sources */ = {isa = PBXBuildFile; fileRef = E4B92DF51B62911A004F8285 /* UberService.m */; };
		E4B92DF91B629789004F8285 /* UberVehicleModel.m in Sources */ = {isa = PBXBuildFile; fileRef = E4B92DF81B629789004F8285 /* UberVehicleModel.m */; };
		E4E6D95C1B63A90E002E4B9D /* UIKit.framework in Frameworks */ = {isa = PBXBuildFile; fileRef = E4E6D95B1B63A90E002E4B9D /* UIKit.framework */; };
		E4E6D95E1B63A91A002E4B9D /* Foundation.framework in Frameworks */ = {isa = PBXBuildFile; fileRef = E4E6D95D1B63A91A002E4B9D /* Foundation.framework */; };
		E4E6D95F1B63A922002E4B9D /* CoreLocation.framework in Frameworks */ = {isa = PBXBuildFile; fileRef = E4E6D9591B63A06B002E4B9D /* CoreLocation.framework */; };
		E4E6D9611B64E1A6002E4B9D /* MapKit.framework in Frameworks */ = {isa = PBXBuildFile; fileRef = E4E6D9601B64E1A6002E4B9D /* MapKit.framework */; };
		E4E6D9691B65882B002E4B9D /* DSActivityView.m in Sources */ = {isa = PBXBuildFile; fileRef = E4E6D9681B65882B002E4B9D /* DSActivityView.m */; };
/* End PBXBuildFile section */

/* Begin PBXContainerItemProxy section */
		E4B92DDF1B628341004F8285 /* PBXContainerItemProxy */ = {
			isa = PBXContainerItemProxy;
			containerPortal = E4B92DBD1B628341004F8285 /* Project object */;
			proxyType = 1;
			remoteGlobalIDString = E4B92DC41B628341004F8285;
			remoteInfo = UberCatalog;
		};
/* End PBXContainerItemProxy section */

/* Begin PBXFileReference section */
		E4B92DC51B628341004F8285 /* UberCatalog.app */ = {isa = PBXFileReference; explicitFileType = wrapper.application; includeInIndex = 0; path = UberCatalog.app; sourceTree = BUILT_PRODUCTS_DIR; };
		E4B92DC91B628341004F8285 /* Info.plist */ = {isa = PBXFileReference; lastKnownFileType = text.plist.xml; path = Info.plist; sourceTree = "<group>"; };
		E4B92DCA1B628341004F8285 /* main.m */ = {isa = PBXFileReference; lastKnownFileType = sourcecode.c.objc; path = main.m; sourceTree = "<group>"; };
		E4B92DCC1B628341004F8285 /* AppDelegate.h */ = {isa = PBXFileReference; lastKnownFileType = sourcecode.c.h; path = AppDelegate.h; sourceTree = "<group>"; };
		E4B92DCD1B628341004F8285 /* AppDelegate.m */ = {isa = PBXFileReference; lastKnownFileType = sourcecode.c.objc; path = AppDelegate.m; sourceTree = "<group>"; };
		E4B92DCF1B628341004F8285 /* UberVehiclesViewController.h */ = {isa = PBXFileReference; lastKnownFileType = sourcecode.c.h; path = UberVehiclesViewController.h; sourceTree = "<group>"; };
		E4B92DD01B628341004F8285 /* UberVehiclesViewController.m */ = {isa = PBXFileReference; lastKnownFileType = sourcecode.c.objc; path = UberVehiclesViewController.m; sourceTree = "<group>"; };
		E4B92DD31B628341004F8285 /* Base */ = {isa = PBXFileReference; lastKnownFileType = file.storyboard; name = Base; path = Base.lproj/Main.storyboard; sourceTree = "<group>"; };
		E4B92DD51B628341004F8285 /* Images.xcassets */ = {isa = PBXFileReference; lastKnownFileType = folder.assetcatalog; path = Images.xcassets; sourceTree = "<group>"; };
		E4B92DD81B628341004F8285 /* Base */ = {isa = PBXFileReference; lastKnownFileType = file.xib; name = Base; path = Base.lproj/LaunchScreen.xib; sourceTree = "<group>"; };
		E4B92DDE1B628341004F8285 /* UberCatalogTests.xctest */ = {isa = PBXFileReference; explicitFileType = wrapper.cfbundle; includeInIndex = 0; path = UberCatalogTests.xctest; sourceTree = BUILT_PRODUCTS_DIR; };
		E4B92DE31B628341004F8285 /* Info.plist */ = {isa = PBXFileReference; lastKnownFileType = text.plist.xml; path = Info.plist; sourceTree = "<group>"; };
		E4B92DE41B628341004F8285 /* UberCatalogTests.m */ = {isa = PBXFileReference; lastKnownFileType = sourcecode.c.objc; path = UberCatalogTests.m; sourceTree = "<group>"; };
		E4B92DEE1B62884A004F8285 /* UberVehicleTableViewCell.h */ = {isa = PBXFileReference; fileEncoding = 4; lastKnownFileType = sourcecode.c.h; path = UberVehicleTableViewCell.h; sourceTree = "<group>"; };
		E4B92DEF1B62884A004F8285 /* UberVehicleTableViewCell.m */ = {isa = PBXFileReference; fileEncoding = 4; lastKnownFileType = sourcecode.c.objc; path = UberVehicleTableViewCell.m; sourceTree = "<group>"; };
		E4B92DF41B62911A004F8285 /* UberService.h */ = {isa = PBXFileReference; fileEncoding = 4; lastKnownFileType = sourcecode.c.h; path = UberService.h; sourceTree = "<group>"; };
		E4B92DF51B62911A004F8285 /* UberService.m */ = {isa = PBXFileReference; fileEncoding = 4; lastKnownFileType = sourcecode.c.objc; path = UberService.m; sourceTree = "<group>"; };
		E4B92DF71B629789004F8285 /* UberVehicleModel.h */ = {isa = PBXFileReference; fileEncoding = 4; lastKnownFileType = sourcecode.c.h; path = UberVehicleModel.h; sourceTree = "<group>"; };
		E4B92DF81B629789004F8285 /* UberVehicleModel.m */ = {isa = PBXFileReference; fileEncoding = 4; lastKnownFileType = sourcecode.c.objc; path = UberVehicleModel.m; sourceTree = "<group>"; };
		E4E6D9591B63A06B002E4B9D /* CoreLocation.framework */ = {isa = PBXFileReference; lastKnownFileType = wrapper.framework; name = CoreLocation.framework; path = System/Library/Frameworks/CoreLocation.framework; sourceTree = SDKROOT; };
		E4E6D95B1B63A90E002E4B9D /* UIKit.framework */ = {isa = PBXFileReference; lastKnownFileType = wrapper.framework; name = UIKit.framework; path = System/Library/Frameworks/UIKit.framework; sourceTree = SDKROOT; };
		E4E6D95D1B63A91A002E4B9D /* Foundation.framework */ = {isa = PBXFileReference; lastKnownFileType = wrapper.framework; name = Foundation.framework; path = System/Library/Frameworks/Foundation.framework; sourceTree = SDKROOT; };
		E4E6D9601B64E1A6002E4B9D /* MapKit.framework */ = {isa = PBXFileReference; lastKnownFileType = wrapper.framework; name = MapKit.framework; path = System/Library/Frameworks/MapKit.framework; sourceTree = SDKROOT; };
		E4E6D9671B65882B002E4B9D /* DSActivityView.h */ = {isa = PBXFileReference; fileEncoding = 4; lastKnownFileType = sourcecode.c.h; path = DSActivityView.h; sourceTree = "<group>"; };
		E4E6D9681B65882B002E4B9D /* DSActivityView.m */ = {isa = PBXFileReference; fileEncoding = 4; lastKnownFileType = sourcecode.c.objc; path = DSActivityView.m; sourceTree = "<group>"; };
/* End PBXFileReference section */

/* Begin PBXFrameworksBuildPhase section */
		E4B92DC21B628341004F8285 /* Frameworks */ = {
			isa = PBXFrameworksBuildPhase;
			buildActionMask = 2147483647;
			files = (
				E4E6D95F1B63A922002E4B9D /* CoreLocation.framework in Frameworks */,
				E4E6D95E1B63A91A002E4B9D /* Foundation.framework in Frameworks */,
				E4E6D9611B64E1A6002E4B9D /* MapKit.framework in Frameworks */,
				E4E6D95C1B63A90E002E4B9D /* UIKit.framework in Frameworks */,
			);
			runOnlyForDeploymentPostprocessing = 0;
		};
		E4B92DDB1B628341004F8285 /* Frameworks */ = {
			isa = PBXFrameworksBuildPhase;
			buildActionMask = 2147483647;
			files = (
			);
			runOnlyForDeploymentPostprocessing = 0;
		};
/* End PBXFrameworksBuildPhase section */

/* Begin PBXGroup section */
		E4B92DBC1B628341004F8285 = {
			isa = PBXGroup;
			children = (
				E4E6D9621B658714002E4B9D /* Frameworks */,
				E4B92DC71B628341004F8285 /* UberCatalog */,
				E4B92DE11B628341004F8285 /* UberCatalogTests */,
				E4B92DC61B628341004F8285 /* Products */,
			);
			sourceTree = "<group>";
		};
		E4B92DC61B628341004F8285 /* Products */ = {
			isa = PBXGroup;
			children = (
				E4B92DC51B628341004F8285 /* UberCatalog.app */,
				E4B92DDE1B628341004F8285 /* UberCatalogTests.xctest */,
			);
			name = Products;
			sourceTree = "<group>";
		};
		E4B92DC71B628341004F8285 /* UberCatalog */ = {
			isa = PBXGroup;
			children = (
				E4E6D9651B658774002E4B9D /* Service */,
				E4E6D9641B658761002E4B9D /* Model */,
				E4E6D9631B658735002E4B9D /* UI */,
				E4B92DCC1B628341004F8285 /* AppDelegate.h */,
				E4B92DCD1B628341004F8285 /* AppDelegate.m */,
				E4B92DD21B628341004F8285 /* Main.storyboard */,
				E4B92DD51B628341004F8285 /* Images.xcassets */,
				E4B92DD71B628341004F8285 /* LaunchScreen.xib */,
				E4B92DC81B628341004F8285 /* Supporting Files */,
			);
			path = UberCatalog;
			sourceTree = "<group>";
		};
		E4B92DC81B628341004F8285 /* Supporting Files */ = {
			isa = PBXGroup;
			children = (
				E4B92DC91B628341004F8285 /* Info.plist */,
				E4B92DCA1B628341004F8285 /* main.m */,
			);
			name = "Supporting Files";
			sourceTree = "<group>";
		};
		E4B92DE11B628341004F8285 /* UberCatalogTests */ = {
			isa = PBXGroup;
			children = (
				E4B92DE41B628341004F8285 /* UberCatalogTests.m */,
				E4B92DE21B628341004F8285 /* Supporting Files */,
			);
			path = UberCatalogTests;
			sourceTree = "<group>";
		};
		E4B92DE21B628341004F8285 /* Supporting Files */ = {
			isa = PBXGroup;
			children = (
				E4B92DE31B628341004F8285 /* Info.plist */,
			);
			name = "Supporting Files";
			sourceTree = "<group>";
		};
		E4E6D9621B658714002E4B9D /* Frameworks */ = {
			isa = PBXGroup;
			children = (
				E4E6D9601B64E1A6002E4B9D /* MapKit.framework */,
				E4E6D95D1B63A91A002E4B9D /* Foundation.framework */,
				E4E6D95B1B63A90E002E4B9D /* UIKit.framework */,
				E4E6D9591B63A06B002E4B9D /* CoreLocation.framework */,
			);
			name = Frameworks;
			sourceTree = "<group>";
		};
		E4E6D9631B658735002E4B9D /* UI */ = {
			isa = PBXGroup;
			children = (
				E4E6D9661B658814002E4B9D /* Activity View */,
				E4B92DCF1B628341004F8285 /* UberVehiclesViewController.h */,
				E4B92DD01B628341004F8285 /* UberVehiclesViewController.m */,
				E4B92DEE1B62884A004F8285 /* UberVehicleTableViewCell.h */,
				E4B92DEF1B62884A004F8285 /* UberVehicleTableViewCell.m */,
			);
			name = UI;
			sourceTree = "<group>";
		};
		E4E6D9641B658761002E4B9D /* Model */ = {
			isa = PBXGroup;
			children = (
				E4B92DF71B629789004F8285 /* UberVehicleModel.h */,
				E4B92DF81B629789004F8285 /* UberVehicleModel.m */,
			);
			name = Model;
			sourceTree = "<group>";
		};
		E4E6D9651B658774002E4B9D /* Service */ = {
			isa = PBXGroup;
			children = (
				E4B92DF41B62911A004F8285 /* UberService.h */,
				E4B92DF51B62911A004F8285 /* UberService.m */,
			);
			name = Service;
			sourceTree = "<group>";
		};
		E4E6D9661B658814002E4B9D /* Activity View */ = {
			isa = PBXGroup;
			children = (
				E4E6D9671B65882B002E4B9D /* DSActivityView.h */,
				E4E6D9681B65882B002E4B9D /* DSActivityView.m */,
			);
			name = "Activity View";
			sourceTree = "<group>";
		};
/* End PBXGroup section */

/* Begin PBXNativeTarget section */
		E4B92DC41B628341004F8285 /* UberCatalog */ = {
			isa = PBXNativeTarget;
			buildConfigurationList = E4B92DE81B628341004F8285 /* Build configuration list for PBXNativeTarget "UberCatalog" */;
			buildPhases = (
				E4B92DC11B628341004F8285 /* Sources */,
				E4B92DC21B628341004F8285 /* Frameworks */,
				E4B92DC31B628341004F8285 /* Resources */,
			);
			buildRules = (
			);
			dependencies = (
			);
			name = UberCatalog;
			productName = UberCatalog;
			productReference = E4B92DC51B628341004F8285 /* UberCatalog.app */;
			productType = "com.apple.product-type.application";
		};
		E4B92DDD1B628341004F8285 /* UberCatalogTests */ = {
			isa = PBXNativeTarget;
			buildConfigurationList = E4B92DEB1B628341004F8285 /* Build configuration list for PBXNativeTarget "UberCatalogTests" */;
			buildPhases = (
				E4B92DDA1B628341004F8285 /* Sources */,
				E4B92DDB1B628341004F8285 /* Frameworks */,
				E4B92DDC1B628341004F8285 /* Resources */,
			);
			buildRules = (
			);
			dependencies = (
				E4B92DE01B628341004F8285 /* PBXTargetDependency */,
			);
			name = UberCatalogTests;
			productName = UberCatalogTests;
			productReference = E4B92DDE1B628341004F8285 /* UberCatalogTests.xctest */;
			productType = "com.apple.product-type.bundle.unit-test";
		};
/* End PBXNativeTarget section */

/* Begin PBXProject section */
		E4B92DBD1B628341004F8285 /* Project object */ = {
			isa = PBXProject;
			attributes = {
				LastUpgradeCheck = 0640;
				ORGANIZATIONNAME = "Rao, Amit";
				TargetAttributes = {
					E4B92DC41B628341004F8285 = {
						CreatedOnToolsVersion = 6.4;
						SystemCapabilities = {
							com.apple.Maps.iOS = {
								enabled = 1;
							};
						};
					};
					E4B92DDD1B628341004F8285 = {
						CreatedOnToolsVersion = 6.4;
						TestTargetID = E4B92DC41B628341004F8285;
					};
				};
			};
			buildConfigurationList = E4B92DC01B628341004F8285 /* Build configuration list for PBXProject "UberCatalog" */;
			compatibilityVersion = "Xcode 3.2";
			developmentRegion = English;
			hasScannedForEncodings = 0;
			knownRegions = (
				en,
				Base,
			);
			mainGroup = E4B92DBC1B628341004F8285;
			productRefGroup = E4B92DC61B628341004F8285 /* Products */;
			projectDirPath = "";
			projectRoot = "";
			targets = (
				E4B92DC41B628341004F8285 /* UberCatalog */,
				E4B92DDD1B628341004F8285 /* UberCatalogTests */,
			);
		};
/* End PBXProject section */

/* Begin PBXResourcesBuildPhase section */
		E4B92DC31B628341004F8285 /* Resources */ = {
			isa = PBXResourcesBuildPhase;
			buildActionMask = 2147483647;
			files = (
				E4B92DD41B628341004F8285 /* Main.storyboard in Resources */,
				E4B92DD91B628341004F8285 /* LaunchScreen.xib in Resources */,
				E4B92DD61B628341004F8285 /* Images.xcassets in Resources */,
			);
			runOnlyForDeploymentPostprocessing = 0;
		};
		E4B92DDC1B628341004F8285 /* Resources */ = {
			isa = PBXResourcesBuildPhase;
			buildActionMask = 2147483647;
			files = (
			);
			runOnlyForDeploymentPostprocessing = 0;
		};
/* End PBXResourcesBuildPhase section */

/* Begin PBXSourcesBuildPhase section */
		E4B92DC11B628341004F8285 /* Sources */ = {
			isa = PBXSourcesBuildPhase;
			buildActionMask = 2147483647;
			files = (
				E4B92DD11B628341004F8285 /* UberVehiclesViewController.m in Sources */,
				E4E6D9691B65882B002E4B9D /* DSActivityView.m in Sources */,
				E4B92DF61B62911A004F8285 /* UberService.m in Sources */,
				E4B92DCE1B628341004F8285 /* AppDelegate.m in Sources */,
				E4B92DF01B62884A004F8285 /* UberVehicleTableViewCell.m in Sources */,
				E4B92DF91B629789004F8285 /* UberVehicleModel.m in Sources */,
				E4B92DCB1B628341004F8285 /* main.m in Sources */,
			);
			runOnlyForDeploymentPostprocessing = 0;
		};
		E4B92DDA1B628341004F8285 /* Sources */ = {
			isa = PBXSourcesBuildPhase;
			buildActionMask = 2147483647;
			files = (
				E4B92DE51B628341004F8285 /* UberCatalogTests.m in Sources */,
			);
			runOnlyForDeploymentPostprocessing = 0;
		};
/* End PBXSourcesBuildPhase section */

/* Begin PBXTargetDependency section */
		E4B92DE01B628341004F8285 /* PBXTargetDependency */ = {
			isa = PBXTargetDependency;
			target = E4B92DC41B628341004F8285 /* UberCatalog */;
			targetProxy = E4B92DDF1B628341004F8285 /* PBXContainerItemProxy */;
		};
/* End PBXTargetDependency section */

/* Begin PBXVariantGroup section */
		E4B92DD21B628341004F8285 /* Main.storyboard */ = {
			isa = PBXVariantGroup;
			children = (
				E4B92DD31B628341004F8285 /* Base */,
			);
			name = Main.storyboard;
			sourceTree = "<group>";
		};
		E4B92DD71B628341004F8285 /* LaunchScreen.xib */ = {
			isa = PBXVariantGroup;
			children = (
				E4B92DD81B628341004F8285 /* Base */,
			);
			name = LaunchScreen.xib;
			sourceTree = "<group>";
		};
/* End PBXVariantGroup section */

/* Begin XCBuildConfiguration section */
		E4B92DE61B628341004F8285 /* Debug */ = {
			isa = XCBuildConfiguration;
			buildSettings = {
				ALWAYS_SEARCH_USER_PATHS = NO;
				CLANG_CXX_LANGUAGE_STANDARD = "gnu++0x";
				CLANG_CXX_LIBRARY = "libc++";
				CLANG_ENABLE_MODULES = YES;
				CLANG_ENABLE_OBJC_ARC = YES;
				CLANG_WARN_BOOL_CONVERSION = YES;
				CLANG_WARN_CONSTANT_CONVERSION = YES;
				CLANG_WARN_DIRECT_OBJC_ISA_USAGE = YES_ERROR;
				CLANG_WARN_EMPTY_BODY = YES;
				CLANG_WARN_ENUM_CONVERSION = YES;
				CLANG_WARN_INT_CONVERSION = YES;
				CLANG_WARN_OBJC_ROOT_CLASS = YES_ERROR;
				CLANG_WARN_UNREACHABLE_CODE = YES;
				CLANG_WARN__DUPLICATE_METHOD_MATCH = YES;
				"CODE_SIGN_IDENTITY[sdk=iphoneos*]" = "iPhone Developer";
				COPY_PHASE_STRIP = NO;
				DEBUG_INFORMATION_FORMAT = "dwarf-with-dsym";
				ENABLE_STRICT_OBJC_MSGSEND = YES;
				GCC_C_LANGUAGE_STANDARD = gnu99;
				GCC_DYNAMIC_NO_PIC = NO;
				GCC_NO_COMMON_BLOCKS = YES;
				GCC_OPTIMIZATION_LEVEL = 0;
				GCC_PREPROCESSOR_DEFINITIONS = (
					"DEBUG=1",
					"$(inherited)",
				);
				GCC_SYMBOLS_PRIVATE_EXTERN = NO;
				GCC_WARN_64_TO_32_BIT_CONVERSION = YES;
				GCC_WARN_ABOUT_RETURN_TYPE = YES_ERROR;
				GCC_WARN_UNDECLARED_SELECTOR = YES;
				GCC_WARN_UNINITIALIZED_AUTOS = YES_AGGRESSIVE;
				GCC_WARN_UNUSED_FUNCTION = YES;
				GCC_WARN_UNUSED_VARIABLE = YES;
				IPHONEOS_DEPLOYMENT_TARGET = 8.4;
				MTL_ENABLE_DEBUG_INFO = YES;
				ONLY_ACTIVE_ARCH = YES;
				SDKROOT = iphoneos;
			};
			name = Debug;
		};
		E4B92DE71B628341004F8285 /* Release */ = {
			isa = XCBuildConfiguration;
			buildSettings = {
				ALWAYS_SEARCH_USER_PATHS = NO;
				CLANG_CXX_LANGUAGE_STANDARD = "gnu++0x";
				CLANG_CXX_LIBRARY = "libc++";
				CLANG_ENABLE_MODULES = YES;
				CLANG_ENABLE_OBJC_ARC = YES;
				CLANG_WARN_BOOL_CONVERSION = YES;
				CLANG_WARN_CONSTANT_CONVERSION = YES;
				CLANG_WARN_DIRECT_OBJC_ISA_USAGE = YES_ERROR;
				CLANG_WARN_EMPTY_BODY = YES;
				CLANG_WARN_ENUM_CONVERSION = YES;
				CLANG_WARN_INT_CONVERSION = YES;
				CLANG_WARN_OBJC_ROOT_CLASS = YES_ERROR;
				CLANG_WARN_UNREACHABLE_CODE = YES;
				CLANG_WARN__DUPLICATE_METHOD_MATCH = YES;
				"CODE_SIGN_IDENTITY[sdk=iphoneos*]" = "iPhone Developer";
				COPY_PHASE_STRIP = NO;
				DEBUG_INFORMATION_FORMAT = "dwarf-with-dsym";
				ENABLE_NS_ASSERTIONS = NO;
				ENABLE_STRICT_OBJC_MSGSEND = YES;
				GCC_C_LANGUAGE_STANDARD = gnu99;
				GCC_NO_COMMON_BLOCKS = YES;
				GCC_WARN_64_TO_32_BIT_CONVERSION = YES;
				GCC_WARN_ABOUT_RETURN_TYPE = YES_ERROR;
				GCC_WARN_UNDECLARED_SELECTOR = YES;
				GCC_WARN_UNINITIALIZED_AUTOS = YES_AGGRESSIVE;
				GCC_WARN_UNUSED_FUNCTION = YES;
				GCC_WARN_UNUSED_VARIABLE = YES;
				IPHONEOS_DEPLOYMENT_TARGET = 8.4;
				MTL_ENABLE_DEBUG_INFO = NO;
				SDKROOT = iphoneos;
				VALIDATE_PRODUCT = YES;
			};
			name = Release;
		};
		E4B92DE91B628341004F8285 /* Debug */ = {
			isa = XCBuildConfiguration;
			buildSettings = {
				ASSETCATALOG_COMPILER_APPICON_NAME = AppIcon;
				CODE_SIGN_IDENTITY = "iPhone Developer";
				INFOPLIST_FILE = UberCatalog/Info.plist;
				IPHONEOS_DEPLOYMENT_TARGET = 8.0;
				LD_RUNPATH_SEARCH_PATHS = "$(inherited) @executable_path/Frameworks";
				PRODUCT_NAME = "$(TARGET_NAME)";
			};
			name = Debug;
		};
		E4B92DEA1B628341004F8285 /* Release */ = {
			isa = XCBuildConfiguration;
			buildSettings = {
				ASSETCATALOG_COMPILER_APPICON_NAME = AppIcon;
				CODE_SIGN_IDENTITY = "iPhone Developer";
				INFOPLIST_FILE = UberCatalog/Info.plist;
				IPHONEOS_DEPLOYMENT_TARGET = 8.0;
				LD_RUNPATH_SEARCH_PATHS = "$(inherited) @executable_path/Frameworks";
				PRODUCT_NAME = "$(TARGET_NAME)";
			};
			name = Release;
		};
		E4B92DEC1B628341004F8285 /* Debug */ = {
			isa = XCBuildConfiguration;
			buildSettings = {
				BUNDLE_LOADER = "$(TEST_HOST)";
				FRAMEWORK_SEARCH_PATHS = (
					"$(SDKROOT)/Developer/Library/Frameworks",
					"$(inherited)",
				);
				GCC_PREPROCESSOR_DEFINITIONS = (
					"DEBUG=1",
					"$(inherited)",
				);
				INFOPLIST_FILE = UberCatalogTests/Info.plist;
				LD_RUNPATH_SEARCH_PATHS = "$(inherited) @executable_path/Frameworks @loader_path/Frameworks";
				PRODUCT_NAME = "$(TARGET_NAME)";
				TEST_HOST = "$(BUILT_PRODUCTS_DIR)/UberCatalog.app/UberCatalog";
			};
			name = Debug;
		};
		E4B92DED1B628341004F8285 /* Release */ = {
			isa = XCBuildConfiguration;
			buildSettings = {
				BUNDLE_LOADER = "$(TEST_HOST)";
				FRAMEWORK_SEARCH_PATHS = (
					"$(SDKROOT)/Developer/Library/Frameworks",
					"$(inherited)",
				);
				INFOPLIST_FILE = UberCatalogTests/Info.plist;
				LD_RUNPATH_SEARCH_PATHS = "$(inherited) @executable_path/Frameworks @loader_path/Frameworks";
				PRODUCT_NAME = "$(TARGET_NAME)";
				TEST_HOST = "$(BUILT_PRODUCTS_DIR)/UberCatalog.app/UberCatalog";
			};
			name = Release;
		};
/* End XCBuildConfiguration section */

/* Begin XCConfigurationList section */
		E4B92DC01B628341004F8285 /* Build configuration list for PBXProject "UberCatalog" */ = {
			isa = XCConfigurationList;
			buildConfigurations = (
				E4B92DE61B628341004F8285 /* Debug */,
				E4B92DE71B628341004F8285 /* Release */,
			);
			defaultConfigurationIsVisible = 0;
			defaultConfigurationName = Release;
		};
		E4B92DE81B628341004F8285 /* Build configuration list for PBXNativeTarget "UberCatalog" */ = {
			isa = XCConfigurationList;
			buildConfigurations = (
				E4B92DE91B628341004F8285 /* Debug */,
				E4B92DEA1B628341004F8285 /* Release */,
			);
			defaultConfigurationIsVisible = 0;
			defaultConfigurationName = Release;
		};
		E4B92DEB1B628341004F8285 /* Build configuration list for PBXNativeTarget "UberCatalogTests" */ = {
			isa = XCConfigurationList;
			buildConfigurations = (
				E4B92DEC1B628341004F8285 /* Debug */,
				E4B92DED1B628341004F8285 /* Release */,
			);
			defaultConfigurationIsVisible = 0;
			defaultConfigurationName = Release;
		};
/* End XCConfigurationList section */
	};
	rootObject = E4B92DBD1B628341004F8285 /* Project object */;
}
